
Microsoft Visual Studio Solution File, Format Version 12.00
# Visual Studio Version 17
Project("{2150E333-8FDC-42A3-9474-1A3956D46DE8}") = "CMakePredefinedTargets", "CMakePredefinedTargets", "{179F3E5F-18B6-36C4-8BCD-548E6E1C8D7D}"
EndProject
Project("{2150E333-8FDC-42A3-9474-1A3956D46DE8}") = "GLFW3", "GLFW3", "{CD1237A2-0405-356A-AB69-EEB499C99D44}"
EndProject
Project("{8BC9CEB8-8B4A-11D0-8D11-00A0C91BC942}") = "ALL_BUILD", "ALL_BUILD.vcxproj", "{E1F21C80-AAE1-3260-8984-5E87C431CBB3}"
	ProjectSection(ProjectDependencies) = postProject
		{71176CFB-A8FE-3852-9ACA-B609ACB3579D} = {71176CFB-A8FE-3852-9ACA-B609ACB3579D}
		{B78AE2C8-0460-3CEA-AF89-545B1B4D81DA} = {B78AE2C8-0460-3CEA-AF89-545B1B4D81DA}
	EndProjectSection
EndProject
Project("{8BC9CEB8-8B4A-11D0-8D11-00A0C91BC942}") = "INSTALL", "INSTALL.vcxproj", "{99799700-9D24-33C1-BC18-F6856EE33755}"
	ProjectSection(ProjectDependencies) = postProject
		{E1F21C80-AAE1-3260-8984-5E87C431CBB3} = {E1F21C80-AAE1-3260-8984-5E87C431CBB3}
		{71176CFB-A8FE-3852-9ACA-B609ACB3579D} = {71176CFB-A8FE-3852-9ACA-B609ACB3579D}
	EndProjectSection
EndProject
Project("{8BC9CEB8-8B4A-11D0-8D11-00A0C91BC942}") = "ZERO_CHECK", "..\..\..\\ZERO_CHECK.vcxproj", "{71176CFB-A8FE-3852-9ACA-B609ACB3579D}"
	ProjectSection(ProjectDependencies) = postProject
	EndProjectSection
EndProject
Project("{8BC9CEB8-8B4A-11D0-8D11-00A0C91BC942}") = "glfw", "src\glfw.vcxproj", "{B78AE2C8-0460-3CEA-AF89-545B1B4D81DA}"
	ProjectSection(ProjectDependencies) = postProject
		{71176CFB-A8FE-3852-9ACA-B609ACB3579D} = {71176CFB-A8FE-3852-9ACA-B609ACB3579D}
	EndProjectSection
EndProject
Project("{8BC9CEB8-8B4A-11D0-8D11-00A0C91BC942}") = "uninstall", "uninstall.vcxproj", "{648C8376-D4C6-3F3B-A2FF-FF630E2EC09D}"
	ProjectSection(ProjectDependencies) = postProject
		{71176CFB-A8FE-3852-9ACA-B609ACB3579D} = {71176CFB-A8FE-3852-9ACA-B609ACB3579D}
	EndProjectSection
EndProject
Global
	GlobalSection(SolutionConfigurationPlatforms) = preSolution
		Debug|x64 = Debug|x64
		Release|x64 = Release|x64
		MinSizeRel|x64 = MinSizeRel|x64
		RelWithDebInfo|x64 = RelWithDebInfo|x64
	EndGlobalSection
	GlobalSection(ProjectConfigurationPlatforms) = postSolution
		{E1F21C80-AAE1-3260-8984-5E87C431CBB3}.Debug|x64.ActiveCfg = Debug|x64
		{E1F21C80-AAE1-3260-8984-5E87C431CBB3}.Debug|x64.Build.0 = Debug|x64
		{E1F21C80-AAE1-3260-8984-5E87C431CBB3}.Release|x64.ActiveCfg = Release|x64
		{E1F21C80-AAE1-3260-8984-5E87C431CBB3}.Release|x64.Build.0 = Release|x64
		{E1F21C80-AAE1-3260-8984-5E87C431CBB3}.MinSizeRel|x64.ActiveCfg = MinSizeRel|x64
		{E1F21C80-AAE1-3260-8984-5E87C431CBB3}.MinSizeRel|x64.Build.0 = MinSizeRel|x64
		{E1F21C80-AAE1-3260-8984-5E87C431CBB3}.RelWithDebInfo|x64.ActiveCfg = RelWithDebInfo|x64
		{E1F21C80-AAE1-3260-8984-5E87C431CBB3}.RelWithDebInfo|x64.Build.0 = RelWithDebInfo|x64
		{99799700-9D24-33C1-BC18-F6856EE33755}.Debug|x64.ActiveCfg = Debug|x64
		{99799700-9D24-33C1-BC18-F6856EE33755}.Release|x64.ActiveCfg = Release|x64
		{99799700-9D24-33C1-BC18-F6856EE33755}.MinSizeRel|x64.ActiveCfg = MinSizeRel|x64
		{99799700-9D24-33C1-BC18-F6856EE33755}.RelWithDebInfo|x64.ActiveCfg = RelWithDebInfo|x64
		{71176CFB-A8FE-3852-9ACA-B609ACB3579D}.Debug|x64.ActiveCfg = Debug|x64
		{71176CFB-A8FE-3852-9ACA-B609ACB3579D}.Debug|x64.Build.0 = Debug|x64
		{71176CFB-A8FE-3852-9ACA-B609ACB3579D}.Release|x64.ActiveCfg = Release|x64
		{71176CFB-A8FE-3852-9ACA-B609ACB3579D}.Release|x64.Build.0 = Release|x64
		{71176CFB-A8FE-3852-9ACA-B609ACB3579D}.MinSizeRel|x64.ActiveCfg = MinSizeRel|x64
		{71176CFB-A8FE-3852-9ACA-B609ACB3579D}.MinSizeRel|x64.Build.0 = MinSizeRel|x64
		{71176CFB-A8FE-3852-9ACA-B609ACB3579D}.RelWithDebInfo|x64.ActiveCfg = RelWithDebInfo|x64
		{71176CFB-A8FE-3852-9ACA-B609ACB3579D}.RelWithDebInfo|x64.Build.0 = RelWithDebInfo|x64
		{B78AE2C8-0460-3CEA-AF89-545B1B4D81DA}.Debug|x64.ActiveCfg = Debug|x64
		{B78AE2C8-0460-3CEA-AF89-545B1B4D81DA}.Debug|x64.Build.0 = Debug|x64
		{B78AE2C8-0460-3CEA-AF89-545B1B4D81DA}.Release|x64.ActiveCfg = Release|x64
		{B78AE2C8-0460-3CEA-AF89-545B1B4D81DA}.Release|x64.Build.0 = Release|x64
		{B78AE2C8-0460-3CEA-AF89-545B1B4D81DA}.MinSizeRel|x64.ActiveCfg = MinSizeRel|x64
		{B78AE2C8-0460-3CEA-AF89-545B1B4D81DA}.MinSizeRel|x64.Build.0 = MinSizeRel|x64
		{B78AE2C8-0460-3CEA-AF89-545B1B4D81DA}.RelWithDebInfo|x64.ActiveCfg = RelWithDebInfo|x64
		{B78AE2C8-0460-3CEA-AF89-545B1B4D81DA}.RelWithDebInfo|x64.Build.0 = RelWithDebInfo|x64
		{648C8376-D4C6-3F3B-A2FF-FF630E2EC09D}.Debug|x64.ActiveCfg = Debug|x64
		{648C8376-D4C6-3F3B-A2FF-FF630E2EC09D}.Release|x64.ActiveCfg = Release|x64
		{648C8376-D4C6-3F3B-A2FF-FF630E2EC09D}.MinSizeRel|x64.ActiveCfg = MinSizeRel|x64
		{648C8376-D4C6-3F3B-A2FF-FF630E2EC09D}.RelWithDebInfo|x64.ActiveCfg = RelWithDebInfo|x64
	EndGlobalSection
	GlobalSection(NestedProjects) = preSolution
		{E1F21C80-AAE1-3260-8984-5E87C431CBB3} = {179F3E5F-18B6-36C4-8BCD-548E6E1C8D7D}
		{99799700-9D24-33C1-BC18-F6856EE33755} = {179F3E5F-18B6-36C4-8BCD-548E6E1C8D7D}
		{71176CFB-A8FE-3852-9ACA-B609ACB3579D} = {179F3E5F-18B6-36C4-8BCD-548E6E1C8D7D}
		{B78AE2C8-0460-3CEA-AF89-545B1B4D81DA} = {CD1237A2-0405-356A-AB69-EEB499C99D44}
		{648C8376-D4C6-3F3B-A2FF-FF630E2EC09D} = {CD1237A2-0405-356A-AB69-EEB499C99D44}
	EndGlobalSection
	GlobalSection(ExtensibilityGlobals) = postSolution
		SolutionGuid = {24BB5CA8-2F1E-37D2-855F-45F7370FD257}
	EndGlobalSection
	GlobalSection(ExtensibilityAddIns) = postSolution
	EndGlobalSection
EndGlobal
