<?xml version="1.0" encoding="utf-8"?>
<Project ToolsVersion="17.0" xmlns="http://schemas.microsoft.com/developer/msbuild/2003">
  <ItemGroup>
    <ClCompile Include="C:\EffekseerForCpp170a\src\EffekseerSoundXAudio2\EffekseerSound\EffekseerSoundXAudio2.Sound.cpp">
      <Filter>Source Files</Filter>
    </ClCompile>
    <ClCompile Include="C:\EffekseerForCpp170a\src\EffekseerSoundXAudio2\EffekseerSound\EffekseerSoundXAudio2.SoundLoader.cpp">
      <Filter>Source Files</Filter>
    </ClCompile>
    <ClCompile Include="C:\EffekseerForCpp170a\src\EffekseerSoundXAudio2\EffekseerSound\EffekseerSoundXAudio2.SoundPlayer.cpp">
      <Filter>Source Files</Filter>
    </ClCompile>
    <ClCompile Include="C:\EffekseerForCpp170a\src\EffekseerSoundXAudio2\EffekseerSound\EffekseerSoundXAudio2.SoundVoice.cpp">
      <Filter>Source Files</Filter>
    </ClCompile>
  </ItemGroup>
  <ItemGroup>
    <CustomBuild Include="C:\EffekseerForCpp170a\src\EffekseerSoundXAudio2\CMakeLists.txt" />
  </ItemGroup>
  <ItemGroup>
    <Filter Include="Source Files">
      <UniqueIdentifier>{5ABE0E59-EA9C-3F0D-8110-A4E4FB57B41C}</UniqueIdentifier>
    </Filter>
  </ItemGroup>
</Project>
