<?xml version="1.0" encoding="utf-8"?>
<Project ToolsVersion="4.0" xmlns="http://schemas.microsoft.com/developer/msbuild/2003">
  <ItemGroup>
    <Filter Include="ソース ファイル">
      <UniqueIdentifier>{4FC737F1-C7A5-4376-A066-2A32D752A2FF}</UniqueIdentifier>
      <Extensions>cpp;c;cc;cxx;c++;cppm;ixx;def;odl;idl;hpj;bat;asm;asmx</Extensions>
    </Filter>
    <Filter Include="ヘッダー ファイル">
      <UniqueIdentifier>{93995380-89BD-4b04-88EB-625FBE52EBFB}</UniqueIdentifier>
      <Extensions>h;hh;hpp;hxx;h++;hm;inl;inc;ipp;xsd</Extensions>
    </Filter>
    <Filter Include="リソース ファイル">
      <UniqueIdentifier>{67DA6AB6-F800-4c08-8B7A-83BB121AAD01}</UniqueIdentifier>
      <Extensions>rc;ico;cur;bmp;dlg;rc2;rct;bin;rgs;gif;jpg;jpeg;jpe;resx;tiff;tif;png;wav;mfcribbon-ms</Extensions>
    </Filter>
    <Filter Include="gemaobject">
      <UniqueIdentifier>{78489f10-852e-41cd-b314-7066319cf8ff}</UniqueIdentifier>
    </Filter>
    <Filter Include="ソース ファイル\shader">
      <UniqueIdentifier>{500b07fe-a7eb-4056-9958-7b30d80c5e0e}</UniqueIdentifier>
    </Filter>
    <Filter Include="Scene">
      <UniqueIdentifier>{65dc95d4-b8cf-4d36-9bae-041258b169ef}</UniqueIdentifier>
    </Filter>
    <Filter Include="gemaobject\monster">
      <UniqueIdentifier>{3f67e9a5-1543-43cf-8434-0373c956b79b}</UniqueIdentifier>
    </Filter>
    <Filter Include="command">
      <UniqueIdentifier>{8ce0b931-f010-42ed-8207-798b9c580d15}</UniqueIdentifier>
    </Filter>
    <Filter Include="UI">
      <UniqueIdentifier>{3a732560-ee09-4105-b3dd-320f8227c2f7}</UniqueIdentifier>
    </Filter>
  </ItemGroup>
  <ItemGroup>
    <ClInclude Include="mesh.h">
      <Filter>ヘッダー ファイル</Filter>
    </ClInclude>
    <ClInclude Include="ModelData.h">
      <Filter>ヘッダー ファイル</Filter>
    </ClInclude>
    <ClInclude Include="shaderhashmap.h">
      <Filter>ヘッダー ファイル</Filter>
    </ClInclude>
    <ClInclude Include="utftosjisconv.h">
      <Filter>ヘッダー ファイル</Filter>
    </ClInclude>
    <ClInclude Include="vertexproto.h">
      <Filter>ヘッダー ファイル</Filter>
    </ClInclude>
    <ClInclude Include="CDirectInput.h">
      <Filter>ヘッダー ファイル</Filter>
    </ClInclude>
    <ClInclude Include="CDirectxGraphics.h">
      <Filter>ヘッダー ファイル</Filter>
    </ClInclude>
    <ClInclude Include="CLight.h">
      <Filter>ヘッダー ファイル</Filter>
    </ClInclude>
    <ClInclude Include="CModel.h">
      <Filter>ヘッダー ファイル</Filter>
    </ClInclude>
    <ClInclude Include="CWindow.h">
      <Filter>ヘッダー ファイル</Filter>
    </ClInclude>
    <ClInclude Include="CWindowCallback.h">
      <Filter>ヘッダー ファイル</Filter>
    </ClInclude>
    <ClInclude Include="drawaxis.h">
      <Filter>ヘッダー ファイル</Filter>
    </ClInclude>
    <ClInclude Include="dx11mathutil.h">
      <Filter>ヘッダー ファイル</Filter>
    </ClInclude>
    <ClInclude Include="DX11Settransform.h">
      <Filter>ヘッダー ファイル</Filter>
    </ClInclude>
    <ClInclude Include="DX11util.h">
      <Filter>ヘッダー ファイル</Filter>
    </ClInclude>
    <ClInclude Include="macro.h">
      <Filter>ヘッダー ファイル</Filter>
    </ClInclude>
    <ClInclude Include="Memory.h">
      <Filter>ヘッダー ファイル</Filter>
    </ClInclude>
    <ClInclude Include="game.h">
      <Filter>ヘッダー ファイル</Filter>
    </ClInclude>
    <ClInclude Include="CCamera.h">
      <Filter>ヘッダー ファイル</Filter>
    </ClInclude>
    <ClInclude Include="line.h">
      <Filter>ヘッダー ファイル</Filter>
    </ClInclude>
    <ClInclude Include="CStage.h">
      <Filter>ヘッダー ファイル</Filter>
    </ClInclude>
    <ClInclude Include="CBillBoard.h">
      <Filter>ヘッダー ファイル</Filter>
    </ClInclude>
    <ClInclude Include="Stage.h">
      <Filter>ヘッダー ファイル</Filter>
    </ClInclude>
    <ClInclude Include="CCollider.h">
      <Filter>ヘッダー ファイル</Filter>
    </ClInclude>
    <ClInclude Include="quad2d.h">
      <Filter>ヘッダー ファイル</Filter>
    </ClInclude>
    <ClInclude Include="uncopyable.h">
      <Filter>ヘッダー ファイル</Filter>
    </ClInclude>
    <ClInclude Include="CPlayer.h">
      <Filter>gemaobject</Filter>
    </ClInclude>
    <ClInclude Include="CSkydome.h">
      <Filter>gemaobject</Filter>
    </ClInclude>
    <ClInclude Include="Battle.h">
      <Filter>Scene</Filter>
    </ClInclude>
    <ClInclude Include="Encounter.h">
      <Filter>Scene</Filter>
    </ClInclude>
    <ClInclude Include="CTitle.h">
      <Filter>Scene</Filter>
    </ClInclude>
    <ClInclude Include="BaseScene.h">
      <Filter>Scene</Filter>
    </ClInclude>
    <ClInclude Include="CSceneMgr.h">
      <Filter>Scene</Filter>
    </ClInclude>
    <ClInclude Include="GameObject.h">
      <Filter>gemaobject</Filter>
    </ClInclude>
    <ClInclude Include="CMonsterMgr.h">
      <Filter>ヘッダー ファイル</Filter>
    </ClInclude>
    <ClInclude Include="ModelMgr.h">
      <Filter>ヘッダー ファイル</Filter>
    </ClInclude>
    <ClInclude Include="CCreateString.h">
      <Filter>ヘッダー ファイル</Filter>
    </ClInclude>
    <ClInclude Include="CActor.h">
      <Filter>ヘッダー ファイル</Filter>
    </ClInclude>
    <ClInclude Include="M_Dog.h">
      <Filter>gemaobject\monster</Filter>
    </ClInclude>
    <ClInclude Include="M_Plain.h">
      <Filter>gemaobject\monster</Filter>
    </ClInclude>
    <ClInclude Include="Assimpscene.h">
      <Filter>ヘッダー ファイル</Filter>
    </ClInclude>
    <ClInclude Include="Application.h">
      <Filter>ヘッダー ファイル</Filter>
    </ClInclude>
    <ClInclude Include="Easing.h">
      <Filter>ヘッダー ファイル</Filter>
    </ClInclude>
    <ClInclude Include="IScene.h">
      <Filter>ヘッダー ファイル</Filter>
    </ClInclude>
    <ClInclude Include="SceneManager.h">
      <Filter>ヘッダー ファイル</Filter>
    </ClInclude>
    <ClInclude Include="StopWatch.h">
      <Filter>ヘッダー ファイル</Filter>
    </ClInclude>
    <ClInclude Include="time.h">
      <Filter>ヘッダー ファイル</Filter>
    </ClInclude>
    <ClInclude Include="CMyMonster.h">
      <Filter>command</Filter>
    </ClInclude>
    <ClInclude Include="Command_Base.h">
      <Filter>command</Filter>
    </ClInclude>
    <ClInclude Include="CBag.h">
      <Filter>command</Filter>
    </ClInclude>
    <ClInclude Include="CBattleUI.h">
      <Filter>UI</Filter>
    </ClInclude>
    <ClInclude Include="CCommand.h">
      <Filter>UI</Filter>
    </ClInclude>
    <ClInclude Include="CTitleUI.h">
      <Filter>UI</Filter>
    </ClInclude>
    <ClInclude Include="CUI.h">
      <Filter>UI</Filter>
    </ClInclude>
    <ClInclude Include="CSkill.h">
      <Filter>command</Filter>
    </ClInclude>
    <ClInclude Include="CCommandSelect.h">
      <Filter>command</Filter>
    </ClInclude>
    <ClInclude Include="CFinishSelect.h">
      <Filter>ヘッダー ファイル</Filter>
    </ClInclude>
    <ClInclude Include="Shader1.h">
      <Filter>ヘッダー ファイル</Filter>
    </ClInclude>
    <ClInclude Include="CFade.h">
      <Filter>ヘッダー ファイル</Filter>
    </ClInclude>
  </ItemGroup>
  <ItemGroup>
    <ClCompile Include="mesh.cpp">
      <Filter>ソース ファイル</Filter>
    </ClCompile>
    <ClCompile Include="ModelData.cpp">
      <Filter>ソース ファイル</Filter>
    </ClCompile>
    <ClCompile Include="utftosjisconv.cpp">
      <Filter>ソース ファイル</Filter>
    </ClCompile>
    <ClCompile Include="WICTextureLoader.cpp">
      <Filter>ソース ファイル</Filter>
    </ClCompile>
    <ClCompile Include="WinMain.cpp">
      <Filter>ソース ファイル</Filter>
    </ClCompile>
    <ClCompile Include="CDirectXGraphics.cpp">
      <Filter>ソース ファイル</Filter>
    </ClCompile>
    <ClCompile Include="CModel.cpp">
      <Filter>ソース ファイル</Filter>
    </ClCompile>
    <ClCompile Include="CWindow.cpp">
      <Filter>ソース ファイル</Filter>
    </ClCompile>
    <ClCompile Include="CWindowCallback.cpp">
      <Filter>ソース ファイル</Filter>
    </ClCompile>
    <ClCompile Include="DDSTextureLoader.cpp">
      <Filter>ソース ファイル</Filter>
    </ClCompile>
    <ClCompile Include="drawaxis.cpp">
      <Filter>ソース ファイル</Filter>
    </ClCompile>
    <ClCompile Include="dx11mathutil.cpp">
      <Filter>ソース ファイル</Filter>
    </ClCompile>
    <ClCompile Include="dx11util.cpp">
      <Filter>ソース ファイル</Filter>
    </ClCompile>
    <ClCompile Include="game.cpp">
      <Filter>ソース ファイル</Filter>
    </ClCompile>
    <ClCompile Include="CStage.cpp">
      <Filter>ソース ファイル</Filter>
    </ClCompile>
    <ClCompile Include="CPlayer.cpp">
      <Filter>gemaobject</Filter>
    </ClCompile>
    <ClCompile Include="CBillBoard.cpp">
      <Filter>ソース ファイル</Filter>
    </ClCompile>
    <ClCompile Include="Stage.cpp">
      <Filter>ソース ファイル</Filter>
    </ClCompile>
    <ClCompile Include="CCollider.cpp">
      <Filter>ソース ファイル</Filter>
    </ClCompile>
    <ClCompile Include="quad2d.cpp">
      <Filter>ソース ファイル</Filter>
    </ClCompile>
    <ClCompile Include="CSkydome.cpp">
      <Filter>gemaobject</Filter>
    </ClCompile>
    <ClCompile Include="Battle.cpp">
      <Filter>Scene</Filter>
    </ClCompile>
    <ClCompile Include="Encounter.cpp">
      <Filter>Scene</Filter>
    </ClCompile>
    <ClCompile Include="CTitle.cpp">
      <Filter>Scene</Filter>
    </ClCompile>
    <ClCompile Include="BaseScene.cpp">
      <Filter>Scene</Filter>
    </ClCompile>
    <ClCompile Include="CSceneMgr.cpp">
      <Filter>Scene</Filter>
    </ClCompile>
    <ClCompile Include="CMonsterMgr.cpp">
      <Filter>ソース ファイル</Filter>
    </ClCompile>
    <ClCompile Include="ModelMgr.cpp">
      <Filter>ソース ファイル</Filter>
    </ClCompile>
    <ClCompile Include="CCreateString.cpp">
      <Filter>ソース ファイル</Filter>
    </ClCompile>
    <ClCompile Include="CActor.cpp">
      <Filter>ソース ファイル</Filter>
    </ClCompile>
    <ClCompile Include="M_Dog.cpp">
      <Filter>gemaobject\monster</Filter>
    </ClCompile>
    <ClCompile Include="M_Plain.cpp">
      <Filter>gemaobject\monster</Filter>
    </ClCompile>
    <ClCompile Include="Assimpscene.cpp">
      <Filter>ソース ファイル</Filter>
    </ClCompile>
    <ClCompile Include="Application.cpp">
      <Filter>ソース ファイル</Filter>
    </ClCompile>
    <ClCompile Include="IScene.cpp">
      <Filter>ソース ファイル</Filter>
    </ClCompile>
    <ClCompile Include="SceneManager.cpp">
      <Filter>ソース ファイル</Filter>
    </ClCompile>
    <ClCompile Include="StopWatch.cpp">
      <Filter>ソース ファイル</Filter>
    </ClCompile>
    <ClCompile Include="time.cpp">
      <Filter>ソース ファイル</Filter>
    </ClCompile>
    <ClCompile Include="CCamera.cpp">
      <Filter>ソース ファイル</Filter>
    </ClCompile>
    <ClCompile Include="CMyMonster.cpp">
      <Filter>command</Filter>
    </ClCompile>
    <ClCompile Include="Command_Base.cpp">
      <Filter>command</Filter>
    </ClCompile>
    <ClCompile Include="CBag.cpp">
      <Filter>command</Filter>
    </ClCompile>
    <ClCompile Include="CCommand.cpp">
      <Filter>UI</Filter>
    </ClCompile>
    <ClCompile Include="CTitleUI.cpp">
      <Filter>UI</Filter>
    </ClCompile>
    <ClCompile Include="CUI.cpp">
      <Filter>UI</Filter>
    </ClCompile>
    <ClCompile Include="CBattleUI.cpp">
      <Filter>UI</Filter>
    </ClCompile>
    <ClCompile Include="CSkill.cpp">
      <Filter>command</Filter>
    </ClCompile>
    <ClCompile Include="CCommandSelect.cpp">
      <Filter>command</Filter>
    </ClCompile>
    <ClCompile Include="CFinishSelect.cpp">
      <Filter>ソース ファイル</Filter>
    </ClCompile>
    <ClCompile Include="Shader1.cpp">
      <Filter>ソース ファイル</Filter>
    </ClCompile>
    <ClCompile Include="CFade.cpp">
      <Filter>ソース ファイル</Filter>
    </ClCompile>
  </ItemGroup>
  <ItemGroup>
    <None Include="assimp-vc141-mtd.dll" />
  </ItemGroup>
</Project>